
Microsoft Visual Studio Solution File, Format Version 12.00
# Visual Studio Version 17
VisualStudioVersion = 17.11.35303.130
MinimumVisualStudioVersion = 10.0.40219.1
Project("{8BC9CEB8-8B4A-11D0-8D11-00A0C91BC942}") = "LR_05_4", "LR_05_4.vcxproj", "{4B5A9D38-E150-4626-8701-D8C751590D6E}"
EndProject
Project("{8BC9CEB8-8B4A-11D0-8D11-00A0C91BC942}") = "UnitTest1", "UnitTest1\UnitTest1.vcxproj", "{73F09A16-426A-4F30-A4E6-F20FA971D9DA}"
EndProject
Global
	GlobalSection(SolutionConfigurationPlatforms) = preSolution
		Debug|x64 = Debug|x64
		Debug|x86 = Debug|x86
		Release|x64 = Release|x64
		Release|x86 = Release|x86
	EndGlobalSection
	GlobalSection(ProjectConfigurationPlatforms) = postSolution
		{4B5A9D38-E150-4626-8701-D8C751590D6E}.Debug|x64.ActiveCfg = Debug|x64
		{4B5A9D38-E150-4626-8701-D8C751590D6E}.Debug|x64.Build.0 = Debug|x64
		{4B5A9D38-E150-4626-8701-D8C751590D6E}.Debug|x86.ActiveCfg = Debug|Win32
		{4B5A9D38-E150-4626-8701-D8C751590D6E}.Debug|x86.Build.0 = Debug|Win32
		{4B5A9D38-E150-4626-8701-D8C751590D6E}.Release|x64.ActiveCfg = Release|x64
		{4B5A9D38-E150-4626-8701-D8C751590D6E}.Release|x64.Build.0 = Release|x64
		{4B5A9D38-E150-4626-8701-D8C751590D6E}.Release|x86.ActiveCfg = Release|Win32
		{4B5A9D38-E150-4626-8701-D8C751590D6E}.Release|x86.Build.0 = Release|Win32
		{73F09A16-426A-4F30-A4E6-F20FA971D9DA}.Debug|x64.ActiveCfg = Debug|x64
		{73F09A16-426A-4F30-A4E6-F20FA971D9DA}.Debug|x64.Build.0 = Debug|x64
		{73F09A16-426A-4F30-A4E6-F20FA971D9DA}.Debug|x86.ActiveCfg = Debug|Win32
		{73F09A16-426A-4F30-A4E6-F20FA971D9DA}.Debug|x86.Build.0 = Debug|Win32
		{73F09A16-426A-4F30-A4E6-F20FA971D9DA}.Release|x64.ActiveCfg = Release|x64
		{73F09A16-426A-4F30-A4E6-F20FA971D9DA}.Release|x64.Build.0 = Release|x64
		{73F09A16-426A-4F30-A4E6-F20FA971D9DA}.Release|x86.ActiveCfg = Release|Win32
		{73F09A16-426A-4F30-A4E6-F20FA971D9DA}.Release|x86.Build.0 = Release|Win32
	EndGlobalSection
	GlobalSection(SolutionProperties) = preSolution
		HideSolutionNode = FALSE
	EndGlobalSection
	GlobalSection(ExtensibilityGlobals) = postSolution
		SolutionGuid = {28D46CBC-F94E-47A3-932B-89706B397EAE}
	EndGlobalSection
EndGlobal
